
Microsoft Visual Studio Solution File, Format Version 12.00
# Visual Studio Version 16
VisualStudioVersion = 16.0.31515.178
MinimumVisualStudioVersion = 10.0.40219.1
Project("{9A19103F-16F7-4668-BE54-9A1E7A4F7556}") = "Fresh start", "Fresh start\Fresh start.csproj", "{A6FE6063-541C-408B-A5D7-A0E5ADAAA250}"
EndProject
Project("{2150E333-8FDC-42A3-9474-1A3956D46DE8}") = "Solution Items", "Solution Items", "{AD32875F-DFCE-487C-AE5A-1790CAC782CD}"
EndProject
Global
	GlobalSection(SolutionConfigurationPlatforms) = preSolution
		Debug|Any CPU = Debug|Any CPU
		Release|Any CPU = Release|Any CPU
	EndGlobalSection
	GlobalSection(ProjectConfigurationPlatforms) = postSolution
		{A6FE6063-541C-408B-A5D7-A0E5ADAAA250}.Debug|Any CPU.ActiveCfg = Debug|Any CPU
		{A6FE6063-541C-408B-A5D7-A0E5ADAAA250}.Debug|Any CPU.Build.0 = Debug|Any CPU
		{A6FE6063-541C-408B-A5D7-A0E5ADAAA250}.Release|Any CPU.ActiveCfg = Release|Any CPU
		{A6FE6063-541C-408B-A5D7-A0E5ADAAA250}.Release|Any CPU.Build.0 = Release|Any CPU
	EndGlobalSection
	GlobalSection(SolutionProperties) = preSolution
		HideSolutionNode = FALSE
	EndGlobalSection
	GlobalSection(ExtensibilityGlobals) = postSolution
		SolutionGuid = {B91E13F0-64D2-4BA5-AADD-91E0D5C37924}
	EndGlobalSection
EndGlobal
